<?xml version="1.0" encoding="utf-8"?>
<Project ToolsVersion="4.0" xmlns="http://schemas.microsoft.com/developer/msbuild/2003">
  <ItemGroup>
    <Filter Include="Core">
      <UniqueIdentifier>{2EB4837C-1AEB-840D-C3D7-6A10AFED000F}</UniqueIdentifier>
    </Filter>
    <Filter Include="Core\Application">
      <UniqueIdentifier>{F1A4822F-DD9D-A181-06D0-8606F227818D}</UniqueIdentifier>
    </Filter>
    <Filter Include="Core\EntryPoint">
      <UniqueIdentifier>{59FAC6C3-C585-3488-CE96-B77C3AA19088}</UniqueIdentifier>
    </Filter>
    <Filter Include="Core\Logging">
      <UniqueIdentifier>{C4E22202-B045-B2A6-59CB-EA5C450D7E29}</UniqueIdentifier>
    </Filter>
  </ItemGroup>
  <ItemGroup>
    <ClInclude Include="src\Core\Application\Application.h">
      <Filter>Core\Application</Filter>
    </ClInclude>
    <ClInclude Include="src\Core\Core.h">
      <Filter>Core</Filter>
    </ClInclude>
    <ClInclude Include="src\Core\EntryPoint\EntryPoint.h">
      <Filter>Core\EntryPoint</Filter>
    </ClInclude>
    <ClInclude Include="src\Core\Logging\Log.h">
      <Filter>Core\Logging</Filter>
    </ClInclude>
    <ClInclude Include="src\Pyrite.h" />
    <ClInclude Include="src\Core\Events\Event.h" />
    <ClInclude Include="src\Core\Events\EventEnums.h" />
    <ClInclude Include="src\Core\Events\EventDispatcher.h" />
    <ClInclude Include="src\Core\Events\ApplicationEvents\ApplicationEvent.h" />
    <ClInclude Include="src\Core\Events\KeyboardEvents\KeyEvent.h" />
    <ClInclude Include="src\Core\Events\KeyboardEvents\KeyPressEvent.h" />
    <ClInclude Include="src\Core\Events\MouseEvents\MouseButtonPressEvent.h" />
    <ClInclude Include="src\Core\Events\MouseEvents\MouseButtonReleaseEvent.h" />
    <ClInclude Include="src\Core\Events\MouseEvents\MouseMoveEvent.h" />
    <ClInclude Include="src\Core\Events\MouseEvents\MouseScrollEvent.h" />
    <ClInclude Include="src\Core\Events\ApplicationEvents\ApplicationTickEvent.h" />
    <ClInclude Include="src\Core\Events\ApplicationEvents\ApplicationUpdateEvent.h" />
    <ClInclude Include="src\Core\Events\ApplicationEvents\ApplicationRenderEvent.h" />
    <ClInclude Include="src\Core\Events\WindowEvents\WindowCloseEvent.h" />
    <ClInclude Include="src\Core\Events\WindowEvents\WindowEvent.h" />
    <ClInclude Include="src\Core\Events\WindowEvents\WindowResizeEvent.h" />
    <ClInclude Include="src\Core\Events\WindowEvents\WindowFocusEvent.h" />
    <ClInclude Include="src\Core\Events\WindowEvents\WindowLostFocusEvent.h" />
    <ClInclude Include="src\Core\Events\WindowEvents\WindowMoveEvent.h" />
    <ClInclude Include="src\Core\Events\MouseEvents\MouseEvent.h" />
    <ClInclude Include="src\Core\Events\MouseEvents\MouseButtonEvent.h" />
  </ItemGroup>
  <ItemGroup>
    <ClCompile Include="src\Core\Application\Application.cpp">
      <Filter>Core\Application</Filter>
    </ClCompile>
    <ClCompile Include="src\Core\Logging\Log.cpp">
      <Filter>Core\Logging</Filter>
    </ClCompile>
    <ClCompile Include="src\Core\Events\KeyboardEvents\KeyReleaseEvent.h" />
  </ItemGroup>
</Project>